# THIS IS AN AUTOGENERATED FILE. DO NOT EDIT THIS FILE DIRECTLY.
# yarn lockfile v1


"@webcomponents/custom-elements@^1.1.0":
  version "1.1.0"
  resolved "http://sinopia.rete.farm:4873/@webcomponents%2fcustom-elements/-/custom-elements-1.1.0.tgz#bcd5c3605a488ebbddf762f350944afc80bc16dc"

ansi-regex@^2.0.0:
  version "2.1.1"
  resolved "http://sinopia.rete.farm:4873/ansi-regex/-/ansi-regex-2.1.1.tgz#c3b33ab5ee360d86e0e628f0468ae7ef27d654df"

ansi-styles@^2.2.1:
  version "2.2.1"
  resolved "http://sinopia.rete.farm:4873/ansi-styles/-/ansi-styles-2.2.1.tgz#b432dd3358b634cf75e1e4664368240533c1ddbe"

ansi-styles@^3.2.1:
  version "3.2.1"
  resolved "http://sinopia.rete.farm:4873/ansi-styles/-/ansi-styles-3.2.1.tgz#41fbb20243e50b12be0f04b8dedbf07520ce841d"
  dependencies:
    color-convert "^1.9.0"

babel-code-frame@^6.26.0:
  version "6.26.0"
  resolved "http://sinopia.rete.farm:4873/babel-code-frame/-/babel-code-frame-6.26.0.tgz#63fd43f7dc1e3bb7ce35947db8fe369a3f58c74b"
  dependencies:
    chalk "^1.1.3"
    esutils "^2.0.2"
    js-tokens "^3.0.2"

babel-core@^6.26.0:
  version "6.26.3"
  resolved "http://sinopia.rete.farm:4873/babel-core/-/babel-core-6.26.3.tgz#b2e2f09e342d0f0c88e2f02e067794125e75c207"
  dependencies:
    babel-code-frame "^6.26.0"
    babel-generator "^6.26.0"
    babel-helpers "^6.24.1"
    babel-messages "^6.23.0"
    babel-register "^6.26.0"
    babel-runtime "^6.26.0"
    babel-template "^6.26.0"
    babel-traverse "^6.26.0"
    babel-types "^6.26.0"
    babylon "^6.18.0"
    convert-source-map "^1.5.1"
    debug "^2.6.9"
    json5 "^0.5.1"
    lodash "^4.17.4"
    minimatch "^3.0.4"
    path-is-absolute "^1.0.1"
    private "^0.1.8"
    slash "^1.0.0"
    source-map "^0.5.7"

babel-generator@^6.26.0:
  version "6.26.1"
  resolved "http://sinopia.rete.farm:4873/babel-generator/-/babel-generator-6.26.1.tgz#1844408d3b8f0d35a404ea7ac180f087a601bd90"
  dependencies:
    babel-messages "^6.23.0"
    babel-runtime "^6.26.0"
    babel-types "^6.26.0"
    detect-indent "^4.0.0"
    jsesc "^1.3.0"
    lodash "^4.17.4"
    source-map "^0.5.7"
    trim-right "^1.0.1"

babel-helper-function-name@^6.24.1:
  version "6.24.1"
  resolved "http://sinopia.rete.farm:4873/babel-helper-function-name/-/babel-helper-function-name-6.24.1.tgz#d3475b8c03ed98242a25b48351ab18399d3580a9"
  dependencies:
    babel-helper-get-function-arity "^6.24.1"
    babel-runtime "^6.22.0"
    babel-template "^6.24.1"
    babel-traverse "^6.24.1"
    babel-types "^6.24.1"

babel-helper-get-function-arity@^6.24.1:
  version "6.24.1"
  resolved "http://sinopia.rete.farm:4873/babel-helper-get-function-arity/-/babel-helper-get-function-arity-6.24.1.tgz#8f7782aa93407c41d3aa50908f89b031b1b6853d"
  dependencies:
    babel-runtime "^6.22.0"
    babel-types "^6.24.1"

babel-helpers@^6.24.1:
  version "6.24.1"
  resolved "http://sinopia.rete.farm:4873/babel-helpers/-/babel-helpers-6.24.1.tgz#3471de9caec388e5c850e597e58a26ddf37602b2"
  dependencies:
    babel-runtime "^6.22.0"
    babel-template "^6.24.1"

babel-messages@^6.23.0:
  version "6.23.0"
  resolved "http://sinopia.rete.farm:4873/babel-messages/-/babel-messages-6.23.0.tgz#f3cdf4703858035b2a2951c6ec5edf6c62f2630e"
  dependencies:
    babel-runtime "^6.22.0"

babel-plugin-syntax-class-properties@^6.8.0:
  version "6.13.0"
  resolved "http://sinopia.rete.farm:4873/babel-plugin-syntax-class-properties/-/babel-plugin-syntax-class-properties-6.13.0.tgz#d7eb23b79a317f8543962c505b827c7d6cac27de"

babel-plugin-transform-class-properties@^6.24.1:
  version "6.24.1"
  resolved "http://sinopia.rete.farm:4873/babel-plugin-transform-class-properties/-/babel-plugin-transform-class-properties-6.24.1.tgz#6a79763ea61d33d36f37b611aa9def81a81b46ac"
  dependencies:
    babel-helper-function-name "^6.24.1"
    babel-plugin-syntax-class-properties "^6.8.0"
    babel-runtime "^6.22.0"
    babel-template "^6.24.1"

babel-register@^6.26.0:
  version "6.26.0"
  resolved "http://sinopia.rete.farm:4873/babel-register/-/babel-register-6.26.0.tgz#6ed021173e2fcb486d7acb45c6009a856f647071"
  dependencies:
    babel-core "^6.26.0"
    babel-runtime "^6.26.0"
    core-js "^2.5.0"
    home-or-tmp "^2.0.0"
    lodash "^4.17.4"
    mkdirp "^0.5.1"
    source-map-support "^0.4.15"

babel-runtime@^6.22.0, babel-runtime@^6.26.0:
  version "6.26.0"
  resolved "http://sinopia.rete.farm:4873/babel-runtime/-/babel-runtime-6.26.0.tgz#965c7058668e82b55d7bfe04ff2337bc8b5647fe"
  dependencies:
    core-js "^2.4.0"
    regenerator-runtime "^0.11.0"

babel-template@^6.24.1, babel-template@^6.26.0:
  version "6.26.0"
  resolved "http://sinopia.rete.farm:4873/babel-template/-/babel-template-6.26.0.tgz#de03e2d16396b069f46dd9fff8521fb1a0e35e02"
  dependencies:
    babel-runtime "^6.26.0"
    babel-traverse "^6.26.0"
    babel-types "^6.26.0"
    babylon "^6.18.0"
    lodash "^4.17.4"

babel-traverse@^6.24.1, babel-traverse@^6.26.0:
  version "6.26.0"
  resolved "http://sinopia.rete.farm:4873/babel-traverse/-/babel-traverse-6.26.0.tgz#46a9cbd7edcc62c8e5c064e2d2d8d0f4035766ee"
  dependencies:
    babel-code-frame "^6.26.0"
    babel-messages "^6.23.0"
    babel-runtime "^6.26.0"
    babel-types "^6.26.0"
    babylon "^6.18.0"
    debug "^2.6.8"
    globals "^9.18.0"
    invariant "^2.2.2"
    lodash "^4.17.4"

babel-types@^6.24.1, babel-types@^6.26.0:
  version "6.26.0"
  resolved "http://sinopia.rete.farm:4873/babel-types/-/babel-types-6.26.0.tgz#a3b073f94ab49eb6fa55cd65227a334380632497"
  dependencies:
    babel-runtime "^6.26.0"
    esutils "^2.0.2"
    lodash "^4.17.4"
    to-fast-properties "^1.0.3"

babylon@^6.18.0:
  version "6.18.0"
  resolved "http://sinopia.rete.farm:4873/babylon/-/babylon-6.18.0.tgz#af2f3b88fa6f5c1e4c634d1a0f8eac4f55b395e3"

balanced-match@^1.0.0:
  version "1.0.0"
  resolved "http://sinopia.rete.farm:4873/balanced-match/-/balanced-match-1.0.0.tgz#89b4d199ab2bee49de164ea02b89ce462d71b767"

big.js@^3.1.3:
  version "3.2.0"
  resolved "http://sinopia.rete.farm:4873/big.js/-/big.js-3.2.0.tgz#a5fc298b81b9e0dca2e458824784b65c52ba588e"

brace-expansion@^1.1.7:
  version "1.1.11"
  resolved "http://sinopia.rete.farm:4873/brace-expansion/-/brace-expansion-1.1.11.tgz#3c7fcbf529d87226f3d2f52b966ff5271eb441dd"
  dependencies:
    balanced-match "^1.0.0"
    concat-map "0.0.1"

chalk@^1.1.3:
  version "1.1.3"
  resolved "http://sinopia.rete.farm:4873/chalk/-/chalk-1.1.3.tgz#a8115c55e4a702fe4d150abd3872822a7e09fc98"
  dependencies:
    ansi-styles "^2.2.1"
    escape-string-regexp "^1.0.2"
    has-ansi "^2.0.0"
    strip-ansi "^3.0.0"
    supports-color "^2.0.0"

chalk@^2.3.2:
  version "2.4.1"
  resolved "http://sinopia.rete.farm:4873/chalk/-/chalk-2.4.1.tgz#18c49ab16a037b6eb0152cc83e3471338215b66e"
  dependencies:
    ansi-styles "^3.2.1"
    escape-string-regexp "^1.0.5"
    supports-color "^5.3.0"

classnames@^2.2.5:
  version "2.2.5"
  resolved "http://sinopia.rete.farm:4873/classnames/-/classnames-2.2.5.tgz#fb3801d453467649ef3603c7d61a02bd129bde6d"

color-convert@^1.9.0:
  version "1.9.1"
  resolved "http://sinopia.rete.farm:4873/color-convert/-/color-convert-1.9.1.tgz#c1261107aeb2f294ebffec9ed9ecad529a6097ed"
  dependencies:
    color-name "^1.1.1"

color-name@^1.1.1:
  version "1.1.3"
  resolved "http://sinopia.rete.farm:4873/color-name/-/color-name-1.1.3.tgz#a7d0558bd89c42f795dd42328f740831ca53bc25"

concat-map@0.0.1:
  version "0.0.1"
  resolved "http://sinopia.rete.farm:4873/concat-map/-/concat-map-0.0.1.tgz#d8a96bd77fd68df7793a73036a3ba0d5405d477b"

convert-source-map@^1.5.1:
  version "1.5.1"
  resolved "http://sinopia.rete.farm:4873/convert-source-map/-/convert-source-map-1.5.1.tgz#b8278097b9bc229365de5c62cf5fcaed8b5599e5"

core-js@^2.4.0, core-js@^2.5.0:
  version "2.5.5"
  resolved "http://sinopia.rete.farm:4873/core-js/-/core-js-2.5.5.tgz#b14dde936c640c0579a6b50cabcc132dd6127e3b"

css-modules-loader-core@^1.1.0:
  version "1.1.0"
  resolved "http://sinopia.rete.farm:4873/css-modules-loader-core/-/css-modules-loader-core-1.1.0.tgz#5908668294a1becd261ae0a4ce21b0b551f21d16"
  dependencies:
    icss-replace-symbols "1.1.0"
    postcss "6.0.1"
    postcss-modules-extract-imports "1.1.0"
    postcss-modules-local-by-default "1.2.0"
    postcss-modules-scope "1.1.0"
    postcss-modules-values "1.3.0"

css-selector-tokenizer@^0.7.0:
  version "0.7.0"
  resolved "http://sinopia.rete.farm:4873/css-selector-tokenizer/-/css-selector-tokenizer-0.7.0.tgz#e6988474ae8c953477bf5e7efecfceccd9cf4c86"
  dependencies:
    cssesc "^0.1.0"
    fastparse "^1.1.1"
    regexpu-core "^1.0.0"

cssesc@^0.1.0:
  version "0.1.0"
  resolved "http://sinopia.rete.farm:4873/cssesc/-/cssesc-0.1.0.tgz#c814903e45623371a0477b40109aaafbeeaddbb4"

debug@^2.6.8, debug@^2.6.9:
  version "2.6.9"
  resolved "http://sinopia.rete.farm:4873/debug/-/debug-2.6.9.tgz#5d128515df134ff327e90a4c93f4e077a536341f"
  dependencies:
    ms "2.0.0"

detect-indent@^4.0.0:
  version "4.0.0"
  resolved "http://sinopia.rete.farm:4873/detect-indent/-/detect-indent-4.0.0.tgz#f76d064352cdf43a1cb6ce619c4ee3a9475de208"
  dependencies:
    repeating "^2.0.0"

emojis-list@^2.0.0:
  version "2.1.0"
  resolved "http://sinopia.rete.farm:4873/emojis-list/-/emojis-list-2.1.0.tgz#4daa4d9db00f9819880c79fa457ae5b09a1fd389"

escape-string-regexp@^1.0.2, escape-string-regexp@^1.0.5:
  version "1.0.5"
  resolved "http://sinopia.rete.farm:4873/escape-string-regexp/-/escape-string-regexp-1.0.5.tgz#1b61c0562190a8dff6ae3bb2cf0200ca130b86d4"

esutils@^2.0.2:
  version "2.0.2"
  resolved "http://sinopia.rete.farm:4873/esutils/-/esutils-2.0.2.tgz#0abf4f1caa5bcb1f7a9d8acc6dea4faaa04bac9b"

fastparse@^1.1.1:
  version "1.1.1"
  resolved "http://sinopia.rete.farm:4873/fastparse/-/fastparse-1.1.1.tgz#d1e2643b38a94d7583b479060e6c4affc94071f8"

generic-names@^1.0.2:
  version "1.0.3"
  resolved "http://sinopia.rete.farm:4873/generic-names/-/generic-names-1.0.3.tgz#2d786a121aee508876796939e8e3bff836c20917"
  dependencies:
    loader-utils "^0.2.16"

globals@^9.18.0:
  version "9.18.0"
  resolved "http://sinopia.rete.farm:4873/globals/-/globals-9.18.0.tgz#aa3896b3e69b487f17e31ed2143d69a8e30c2d8a"

has-ansi@^2.0.0:
  version "2.0.0"
  resolved "http://sinopia.rete.farm:4873/has-ansi/-/has-ansi-2.0.0.tgz#34f5049ce1ecdf2b0649af3ef24e45ed35416d91"
  dependencies:
    ansi-regex "^2.0.0"

has-flag@^1.0.0:
  version "1.0.0"
  resolved "http://sinopia.rete.farm:4873/has-flag/-/has-flag-1.0.0.tgz#9d9e793165ce017a00f00418c43f942a7b1d11fa"

has-flag@^3.0.0:
  version "3.0.0"
  resolved "http://sinopia.rete.farm:4873/has-flag/-/has-flag-3.0.0.tgz#b5d454dc2199ae225699f3467e5a07f3b955bafd"

home-or-tmp@^2.0.0:
  version "2.0.0"
  resolved "http://sinopia.rete.farm:4873/home-or-tmp/-/home-or-tmp-2.0.0.tgz#e36c3f2d2cae7d746a857e38d18d5f32a7882db8"
  dependencies:
    os-homedir "^1.0.0"
    os-tmpdir "^1.0.1"

icss-replace-symbols@1.1.0, icss-replace-symbols@^1.1.0:
  version "1.1.0"
  resolved "http://sinopia.rete.farm:4873/icss-replace-symbols/-/icss-replace-symbols-1.1.0.tgz#06ea6f83679a7749e386cfe1fe812ae5db223ded"

invariant@^2.2.2:
  version "2.2.4"
  resolved "http://sinopia.rete.farm:4873/invariant/-/invariant-2.2.4.tgz#610f3c92c9359ce1db616e538008d23ff35158e6"
  dependencies:
    loose-envify "^1.0.0"

is-finite@^1.0.0:
  version "1.0.2"
  resolved "http://sinopia.rete.farm:4873/is-finite/-/is-finite-1.0.2.tgz#cc6677695602be550ef11e8b4aa6305342b6d0aa"
  dependencies:
    number-is-nan "^1.0.0"

js-tokens@^3.0.0, js-tokens@^3.0.2:
  version "3.0.2"
  resolved "http://sinopia.rete.farm:4873/js-tokens/-/js-tokens-3.0.2.tgz#9866df395102130e38f7f996bceb65443209c25b"

jsesc@^1.3.0:
  version "1.3.0"
  resolved "http://sinopia.rete.farm:4873/jsesc/-/jsesc-1.3.0.tgz#46c3fec8c1892b12b0833db9bc7622176dbab34b"

jsesc@~0.5.0:
  version "0.5.0"
  resolved "http://sinopia.rete.farm:4873/jsesc/-/jsesc-0.5.0.tgz#e7dee66e35d6fc16f710fe91d5cf69f70f08911d"

json5@^0.5.0, json5@^0.5.1:
  version "0.5.1"
  resolved "http://sinopia.rete.farm:4873/json5/-/json5-0.5.1.tgz#1eade7acc012034ad84e2396767ead9fa5495821"

loader-utils@^0.2.16:
  version "0.2.17"
  resolved "http://sinopia.rete.farm:4873/loader-utils/-/loader-utils-0.2.17.tgz#f86e6374d43205a6e6c60e9196f17c0299bfb348"
  dependencies:
    big.js "^3.1.3"
    emojis-list "^2.0.0"
    json5 "^0.5.0"
    object-assign "^4.0.1"

lodash@^4.17.4:
  version "4.17.10"
  resolved "http://sinopia.rete.farm:4873/lodash/-/lodash-4.17.10.tgz#1b7793cf7259ea38fb3661d4d38b3260af8ae4e7"

loose-envify@^1.0.0:
  version "1.3.1"
  resolved "http://sinopia.rete.farm:4873/loose-envify/-/loose-envify-1.3.1.tgz#d1a8ad33fa9ce0e713d65fdd0ac8b748d478c848"
  dependencies:
    js-tokens "^3.0.0"

minimatch@^3.0.4:
  version "3.0.4"
  resolved "http://sinopia.rete.farm:4873/minimatch/-/minimatch-3.0.4.tgz#5166e286457f03306064be5497e8dbb0c3d32083"
  dependencies:
    brace-expansion "^1.1.7"

minimist@0.0.8:
  version "0.0.8"
  resolved "http://sinopia.rete.farm:4873/minimist/-/minimist-0.0.8.tgz#857fcabfc3397d2625b8228262e86aa7a011b05d"

mkdirp@^0.5.1:
  version "0.5.1"
  resolved "http://sinopia.rete.farm:4873/mkdirp/-/mkdirp-0.5.1.tgz#30057438eac6cf7f8c4767f38648d6697d75c903"
  dependencies:
    minimist "0.0.8"

ms@2.0.0:
  version "2.0.0"
  resolved "http://sinopia.rete.farm:4873/ms/-/ms-2.0.0.tgz#5608aeadfc00be6c2901df5f9861788de0d597c8"

number-is-nan@^1.0.0:
  version "1.0.1"
  resolved "http://sinopia.rete.farm:4873/number-is-nan/-/number-is-nan-1.0.1.tgz#097b602b53422a522c1afb8790318336941a011d"

object-assign@^4.0.1:
  version "4.1.1"
  resolved "http://sinopia.rete.farm:4873/object-assign/-/object-assign-4.1.1.tgz#2109adc7965887cfc05cbbd442cac8bfbb360863"

os-homedir@^1.0.0:
  version "1.0.2"
  resolved "http://sinopia.rete.farm:4873/os-homedir/-/os-homedir-1.0.2.tgz#ffbc4988336e0e833de0c168c7ef152121aa7fb3"

os-tmpdir@^1.0.1:
  version "1.0.2"
  resolved "http://sinopia.rete.farm:4873/os-tmpdir/-/os-tmpdir-1.0.2.tgz#bbe67406c79aa85c5cfec766fe5734555dfa1274"

path-is-absolute@^1.0.1:
  version "1.0.1"
  resolved "http://sinopia.rete.farm:4873/path-is-absolute/-/path-is-absolute-1.0.1.tgz#174b9268735534ffbc7ace6bf53a5a9e1b5c5f5f"

postcss-modules-extract-imports@1.1.0:
  version "1.1.0"
  resolved "http://sinopia.rete.farm:4873/postcss-modules-extract-imports/-/postcss-modules-extract-imports-1.1.0.tgz#b614c9720be6816eaee35fb3a5faa1dba6a05ddb"
  dependencies:
    postcss "^6.0.1"

postcss-modules-local-by-default@1.2.0:
  version "1.2.0"
  resolved "http://sinopia.rete.farm:4873/postcss-modules-local-by-default/-/postcss-modules-local-by-default-1.2.0.tgz#f7d80c398c5a393fa7964466bd19500a7d61c069"
  dependencies:
    css-selector-tokenizer "^0.7.0"
    postcss "^6.0.1"

postcss-modules-scope@1.1.0:
  version "1.1.0"
  resolved "http://sinopia.rete.farm:4873/postcss-modules-scope/-/postcss-modules-scope-1.1.0.tgz#d6ea64994c79f97b62a72b426fbe6056a194bb90"
  dependencies:
    css-selector-tokenizer "^0.7.0"
    postcss "^6.0.1"

postcss-modules-values@1.3.0:
  version "1.3.0"
  resolved "http://sinopia.rete.farm:4873/postcss-modules-values/-/postcss-modules-values-1.3.0.tgz#ecffa9d7e192518389f42ad0e83f72aec456ea20"
  dependencies:
    icss-replace-symbols "^1.1.0"
    postcss "^6.0.1"

postcss-modules@^1.1.0:
  version "1.1.0"
  resolved "http://sinopia.rete.farm:4873/postcss-modules/-/postcss-modules-1.1.0.tgz#c9f94f76ff6addf7c35b842e69ed442118156bb0"
  dependencies:
    css-modules-loader-core "^1.1.0"
    generic-names "^1.0.2"
    postcss "^6.0.1"
    string-hash "^1.1.1"

postcss@6.0.1:
  version "6.0.1"
  resolved "http://sinopia.rete.farm:4873/postcss/-/postcss-6.0.1.tgz#000dbd1f8eef217aa368b9a212c5fc40b2a8f3f2"
  dependencies:
    chalk "^1.1.3"
    source-map "^0.5.6"
    supports-color "^3.2.3"

postcss@^6.0.1:
  version "6.0.21"
  resolved "http://sinopia.rete.farm:4873/postcss/-/postcss-6.0.21.tgz#8265662694eddf9e9a5960db6da33c39e4cd069d"
  dependencies:
    chalk "^2.3.2"
    source-map "^0.6.1"
    supports-color "^5.3.0"

private@^0.1.8:
  version "0.1.8"
  resolved "http://sinopia.rete.farm:4873/private/-/private-0.1.8.tgz#2381edb3689f7a53d653190060fcf822d2f368ff"

regenerate@^1.2.1:
  version "1.3.3"
  resolved "http://sinopia.rete.farm:4873/regenerate/-/regenerate-1.3.3.tgz#0c336d3980553d755c39b586ae3b20aa49c82b7f"

regenerator-runtime@^0.11.0:
  version "0.11.1"
  resolved "http://sinopia.rete.farm:4873/regenerator-runtime/-/regenerator-runtime-0.11.1.tgz#be05ad7f9bf7d22e056f9726cee5017fbf19e2e9"

regexpu-core@^1.0.0:
  version "1.0.0"
  resolved "http://sinopia.rete.farm:4873/regexpu-core/-/regexpu-core-1.0.0.tgz#86a763f58ee4d7c2f6b102e4764050de7ed90c6b"
  dependencies:
    regenerate "^1.2.1"
    regjsgen "^0.2.0"
    regjsparser "^0.1.4"

regjsgen@^0.2.0:
  version "0.2.0"
  resolved "http://sinopia.rete.farm:4873/regjsgen/-/regjsgen-0.2.0.tgz#6c016adeac554f75823fe37ac05b92d5a4edb1f7"

regjsparser@^0.1.4:
  version "0.1.5"
  resolved "http://sinopia.rete.farm:4873/regjsparser/-/regjsparser-0.1.5.tgz#7ee8f84dc6fa792d3fd0ae228d24bd949ead205c"
  dependencies:
    jsesc "~0.5.0"

repeating@^2.0.0:
  version "2.0.1"
  resolved "http://sinopia.rete.farm:4873/repeating/-/repeating-2.0.1.tgz#5214c53a926d3552707527fbab415dbc08d06dda"
  dependencies:
    is-finite "^1.0.0"

slash@^1.0.0:
  version "1.0.0"
  resolved "http://sinopia.rete.farm:4873/slash/-/slash-1.0.0.tgz#c41f2f6c39fc16d1cd17ad4b5d896114ae470d55"

source-map-support@^0.4.15:
  version "0.4.18"
  resolved "http://sinopia.rete.farm:4873/source-map-support/-/source-map-support-0.4.18.tgz#0286a6de8be42641338594e97ccea75f0a2c585f"
  dependencies:
    source-map "^0.5.6"

source-map@^0.5.6, source-map@^0.5.7:
  version "0.5.7"
  resolved "http://sinopia.rete.farm:4873/source-map/-/source-map-0.5.7.tgz#8a039d2d1021d22d1ea14c80d8ea468ba2ef3fcc"

source-map@^0.6.1:
  version "0.6.1"
  resolved "http://sinopia.rete.farm:4873/source-map/-/source-map-0.6.1.tgz#74722af32e9614e9c287a8d0bbde48b5e2f1a263"

string-hash@^1.1.1:
  version "1.1.3"
  resolved "http://sinopia.rete.farm:4873/string-hash/-/string-hash-1.1.3.tgz#e8aafc0ac1855b4666929ed7dd1275df5d6c811b"

strip-ansi@^3.0.0:
  version "3.0.1"
  resolved "http://sinopia.rete.farm:4873/strip-ansi/-/strip-ansi-3.0.1.tgz#6a385fb8853d952d5ff05d0e8aaf94278dc63dcf"
  dependencies:
    ansi-regex "^2.0.0"

supports-color@^2.0.0:
  version "2.0.0"
  resolved "http://sinopia.rete.farm:4873/supports-color/-/supports-color-2.0.0.tgz#535d045ce6b6363fa40117084629995e9df324c7"

supports-color@^3.2.3:
  version "3.2.3"
  resolved "http://sinopia.rete.farm:4873/supports-color/-/supports-color-3.2.3.tgz#65ac0504b3954171d8a64946b2ae3cbb8a5f54f6"
  dependencies:
    has-flag "^1.0.0"

supports-color@^5.3.0:
  version "5.4.0"
  resolved "http://sinopia.rete.farm:4873/supports-color/-/supports-color-5.4.0.tgz#1c6b337402c2137605efe19f10fec390f6faab54"
  dependencies:
    has-flag "^3.0.0"

tiny-lit@^1.2.3:
  version "1.2.3"
  resolved "http://sinopia.rete.farm:4873/tiny-lit/-/tiny-lit-1.2.3.tgz#1e2ed58fae1c6a29af2814b14db421baa792267a"
  dependencies:
    typescript "^2.7.1"

to-fast-properties@^1.0.3:
  version "1.0.3"
  resolved "http://sinopia.rete.farm:4873/to-fast-properties/-/to-fast-properties-1.0.3.tgz#b83571fa4d8c25b82e231b06e3a3055de4ca1a47"

trim-right@^1.0.1:
  version "1.0.1"
  resolved "http://sinopia.rete.farm:4873/trim-right/-/trim-right-1.0.1.tgz#cb2e1203067e0c8de1f614094b9fe45704ea6003"

typescript@^2.7.1:
  version "2.8.3"
  resolved "http://sinopia.rete.farm:4873/typescript/-/typescript-2.8.3.tgz#5d817f9b6f31bb871835f4edf0089f21abe6c170"
